PODS:
  - AppAuth (1.7.6):
    - AppAuth/Core (= 1.7.6)
    - AppAuth/ExternalUserAgent (= 1.7.6)
  - AppAuth/Core (1.7.6)
  - AppAuth/ExternalUserAgent (1.7.6):
    - AppAuth/Core
  - boost (1.76.0)
  - BVLinearGradient (2.8.3):
    - React-Core
  - DoubleConversion (1.1.6)
  - FBLazyVector (0.72.7)
  - FBReactNativeSpec (0.72.7):
    - RCT-Folly (= 2021.07.22.00)
    - RCTRequired (= 0.72.7)
    - RCTTypeSafety (= 0.72.7)
    - React-Core (= 0.72.7)
    - React-jsi (= 0.72.7)
    - ReactCommon/turbomodule/core (= 0.72.7)
  - Firebase/Analytics (10.20.0):
    - Firebase/Core
  - Firebase/Core (10.20.0):
    - Firebase/CoreOnly
    - FirebaseAnalytics (~> 10.20.0)
  - Firebase/CoreOnly (10.20.0):
    - FirebaseCore (= 10.20.0)
  - FirebaseAnalytics (10.20.0):
    - FirebaseAnalytics/AdIdSupport (= 10.20.0)
    - FirebaseCore (~> 10.0)
    - FirebaseInstallations (~> 10.0)
    - GoogleUtilities/AppDelegateSwizzler (~> 7.11)
    - GoogleUtilities/MethodSwizzler (~> 7.11)
    - GoogleUtilities/Network (~> 7.11)
    - "GoogleUtilities/NSData+zlib (~> 7.11)"
    - nanopb (< 2.30910.0, >= 2.30908.0)
  - FirebaseAnalytics/AdIdSupport (10.20.0):
    - FirebaseCore (~> 10.0)
    - FirebaseInstallations (~> 10.0)
    - GoogleAppMeasurement (= 10.20.0)
    - GoogleUtilities/AppDelegateSwizzler (~> 7.11)
    - GoogleUtilities/MethodSwizzler (~> 7.11)
    - GoogleUtilities/Network (~> 7.11)
    - "GoogleUtilities/NSData+zlib (~> 7.11)"
    - nanopb (< 2.30910.0, >= 2.30908.0)
  - FirebaseCore (10.20.0):
    - FirebaseCoreInternal (~> 10.0)
    - GoogleUtilities/Environment (~> 7.12)
    - GoogleUtilities/Logger (~> 7.12)
  - FirebaseCoreInternal (10.29.0):
    - "GoogleUtilities/NSData+zlib (~> 7.8)"
  - FirebaseInstallations (10.29.0):
    - FirebaseCore (~> 10.0)
    - GoogleUtilities/Environment (~> 7.8)
    - GoogleUtilities/UserDefaults (~> 7.8)
    - PromisesObjC (~> 2.1)
  - fmt (6.2.1)
  - glog (0.3.5)
  - GoogleAppMeasurement (10.20.0):
    - GoogleAppMeasurement/AdIdSupport (= 10.20.0)
    - GoogleUtilities/AppDelegateSwizzler (~> 7.11)
    - GoogleUtilities/MethodSwizzler (~> 7.11)
    - GoogleUtilities/Network (~> 7.11)
    - "GoogleUtilities/NSData+zlib (~> 7.11)"
    - nanopb (< 2.30910.0, >= 2.30908.0)
  - GoogleAppMeasurement/AdIdSupport (10.20.0):
    - GoogleAppMeasurement/WithoutAdIdSupport (= 10.20.0)
    - GoogleUtilities/AppDelegateSwizzler (~> 7.11)
    - GoogleUtilities/MethodSwizzler (~> 7.11)
    - GoogleUtilities/Network (~> 7.11)
    - "GoogleUtilities/NSData+zlib (~> 7.11)"
    - nanopb (< 2.30910.0, >= 2.30908.0)
  - GoogleAppMeasurement/WithoutAdIdSupport (10.20.0):
    - GoogleUtilities/AppDelegateSwizzler (~> 7.11)
    - GoogleUtilities/MethodSwizzler (~> 7.11)
    - GoogleUtilities/Network (~> 7.11)
    - "GoogleUtilities/NSData+zlib (~> 7.11)"
    - nanopb (< 2.30910.0, >= 2.30908.0)
  - GoogleSignIn (7.1.0):
    - AppAuth (< 2.0, >= 1.7.3)
    - GTMAppAuth (< 5.0, >= 4.1.1)
    - GTMSessionFetcher/Core (~> 3.3)
  - GoogleUtilities/AppDelegateSwizzler (7.13.3):
    - GoogleUtilities/Environment
    - GoogleUtilities/Logger
    - GoogleUtilities/Network
    - GoogleUtilities/Privacy
  - GoogleUtilities/Environment (7.13.3):
    - GoogleUtilities/Privacy
    - PromisesObjC (< 3.0, >= 1.2)
  - GoogleUtilities/Logger (7.13.3):
    - GoogleUtilities/Environment
    - GoogleUtilities/Privacy
  - GoogleUtilities/MethodSwizzler (7.13.3):
    - GoogleUtilities/Logger
    - GoogleUtilities/Privacy
  - GoogleUtilities/Network (7.13.3):
    - GoogleUtilities/Logger
    - "GoogleUtilities/NSData+zlib"
    - GoogleUtilities/Privacy
    - GoogleUtilities/Reachability
  - "GoogleUtilities/NSData+zlib (7.13.3)":
    - GoogleUtilities/Privacy
  - GoogleUtilities/Privacy (7.13.3)
  - GoogleUtilities/Reachability (7.13.3):
    - GoogleUtilities/Logger
    - GoogleUtilities/Privacy
  - GoogleUtilities/UserDefaults (7.13.3):
    - GoogleUtilities/Logger
    - GoogleUtilities/Privacy
  - GTMAppAuth (4.1.1):
    - AppAuth/Core (~> 1.7)
    - GTMSessionFetcher/Core (< 4.0, >= 3.3)
  - GTMSessionFetcher/Core (3.5.0)
  - hermes-engine (0.72.7):
    - hermes-engine/Pre-built (= 0.72.7)
  - hermes-engine/Pre-built (0.72.7)
  - libevent (2.1.12)
  - libwebp (1.5.0):
    - libwebp/demux (= 1.5.0)
    - libwebp/mux (= 1.5.0)
    - libwebp/sharpyuv (= 1.5.0)
    - libwebp/webp (= 1.5.0)
  - libwebp/demux (1.5.0):
    - libwebp/webp
  - libwebp/mux (1.5.0):
    - libwebp/demux
  - libwebp/sharpyuv (1.5.0)
  - libwebp/webp (1.5.0):
    - libwebp/sharpyuv
  - lottie-ios (4.5.0)
  - lottie-react-native (7.1.0):
    - lottie-ios (= 4.5.0)
    - RCT-Folly (= 2021.07.22.00)
    - React-Core
  - MMKV (1.3.5):
    - MMKVCore (~> 1.3.5)
  - MMKVCore (1.3.9)
  - MultiplatformBleAdapter (0.2.0)
  - nanopb (2.30909.1):
    - nanopb/decode (= 2.30909.1)
    - nanopb/encode (= 2.30909.1)
  - nanopb/decode (2.30909.1)
  - nanopb/encode (2.30909.1)
  - OpenSSL-Universal (3.3.2000)
  - PromisesObjC (2.4.0)
  - RCT-Folly (2021.07.22.00):
    - boost
    - DoubleConversion
    - fmt (~> 6.2.1)
    - glog
    - RCT-Folly/Default (= 2021.07.22.00)
  - RCT-Folly/Default (2021.07.22.00):
    - boost
    - DoubleConversion
    - fmt (~> 6.2.1)
    - glog
  - RCT-Folly/Futures (2021.07.22.00):
    - boost
    - DoubleConversion
    - fmt (~> 6.2.1)
    - glog
    - libevent
  - RCTRequired (0.72.7)
  - RCTTypeSafety (0.72.7):
    - FBLazyVector (= 0.72.7)
    - RCTRequired (= 0.72.7)
    - React-Core (= 0.72.7)
  - React (0.72.7):
    - React-Core (= 0.72.7)
    - React-Core/DevSupport (= 0.72.7)
    - React-Core/RCTWebSocket (= 0.72.7)
    - React-RCTActionSheet (= 0.72.7)
    - React-RCTAnimation (= 0.72.7)
    - React-RCTBlob (= 0.72.7)
    - React-RCTImage (= 0.72.7)
    - React-RCTLinking (= 0.72.7)
    - React-RCTNetwork (= 0.72.7)
    - React-RCTSettings (= 0.72.7)
    - React-RCTText (= 0.72.7)
    - React-RCTVibration (= 0.72.7)
  - React-callinvoker (0.72.7)
  - React-Codegen (0.72.7):
    - DoubleConversion
    - FBReactNativeSpec
    - glog
    - hermes-engine
    - RCT-Folly
    - RCTRequired
    - RCTTypeSafety
    - React-Core
    - React-jsi
    - React-jsiexecutor
    - React-NativeModulesApple
    - React-rncore
    - ReactCommon/turbomodule/bridging
    - ReactCommon/turbomodule/core
  - React-Core (0.72.7):
    - glog
    - hermes-engine
    - RCT-Folly (= 2021.07.22.00)
    - React-Core/Default (= 0.72.7)
    - React-cxxreact
    - React-hermes
    - React-jsi
    - React-jsiexecutor
    - React-perflogger
    - React-runtimeexecutor
    - React-utils
    - SocketRocket (= 0.6.1)
    - Yoga
  - React-Core/CoreModulesHeaders (0.72.7):
    - glog
    - hermes-engine
    - RCT-Folly (= 2021.07.22.00)
    - React-Core/Default
    - React-cxxreact
    - React-hermes
    - React-jsi
    - React-jsiexecutor
    - React-perflogger
    - React-runtimeexecutor
    - React-utils
    - SocketRocket (= 0.6.1)
    - Yoga
  - React-Core/Default (0.72.7):
    - glog
    - hermes-engine
    - RCT-Folly (= 2021.07.22.00)
    - React-cxxreact
    - React-hermes
    - React-jsi
    - React-jsiexecutor
    - React-perflogger
    - React-runtimeexecutor
    - React-utils
    - SocketRocket (= 0.6.1)
    - Yoga
  - React-Core/DevSupport (0.72.7):
    - glog
    - hermes-engine
    - RCT-Folly (= 2021.07.22.00)
    - React-Core/Default (= 0.72.7)
    - React-Core/RCTWebSocket (= 0.72.7)
    - React-cxxreact
    - React-hermes
    - React-jsi
    - React-jsiexecutor
    - React-jsinspector (= 0.72.7)
    - React-perflogger
    - React-runtimeexecutor
    - React-utils
    - SocketRocket (= 0.6.1)
    - Yoga
  - React-Core/RCTActionSheetHeaders (0.72.7):
    - glog
    - hermes-engine
    - RCT-Folly (= 2021.07.22.00)
    - React-Core/Default
    - React-cxxreact
    - React-hermes
    - React-jsi
    - React-jsiexecutor
    - React-perflogger
    - React-runtimeexecutor
    - React-utils
    - SocketRocket (= 0.6.1)
    - Yoga
  - React-Core/RCTAnimationHeaders (0.72.7):
    - glog
    - hermes-engine
    - RCT-Folly (= 2021.07.22.00)
    - React-Core/Default
    - React-cxxreact
    - React-hermes
    - React-jsi
    - React-jsiexecutor
    - React-perflogger
    - React-runtimeexecutor
    - React-utils
    - SocketRocket (= 0.6.1)
    - Yoga
  - React-Core/RCTBlobHeaders (0.72.7):
    - glog
    - hermes-engine
    - RCT-Folly (= 2021.07.22.00)
    - React-Core/Default
    - React-cxxreact
    - React-hermes
    - React-jsi
    - React-jsiexecutor
    - React-perflogger
    - React-runtimeexecutor
    - React-utils
    - SocketRocket (= 0.6.1)
    - Yoga
  - React-Core/RCTImageHeaders (0.72.7):
    - glog
    - hermes-engine
    - RCT-Folly (= 2021.07.22.00)
    - React-Core/Default
    - React-cxxreact
    - React-hermes
    - React-jsi
    - React-jsiexecutor
    - React-perflogger
    - React-runtimeexecutor
    - React-utils
    - SocketRocket (= 0.6.1)
    - Yoga
  - React-Core/RCTLinkingHeaders (0.72.7):
    - glog
    - hermes-engine
    - RCT-Folly (= 2021.07.22.00)
    - React-Core/Default
    - React-cxxreact
    - React-hermes
    - React-jsi
    - React-jsiexecutor
    - React-perflogger
    - React-runtimeexecutor
    - React-utils
    - SocketRocket (= 0.6.1)
    - Yoga
  - React-Core/RCTNetworkHeaders (0.72.7):
    - glog
    - hermes-engine
    - RCT-Folly (= 2021.07.22.00)
    - React-Core/Default
    - React-cxxreact
    - React-hermes
    - React-jsi
    - React-jsiexecutor
    - React-perflogger
    - React-runtimeexecutor
    - React-utils
    - SocketRocket (= 0.6.1)
    - Yoga
  - React-Core/RCTSettingsHeaders (0.72.7):
    - glog
    - hermes-engine
    - RCT-Folly (= 2021.07.22.00)
    - React-Core/Default
    - React-cxxreact
    - React-hermes
    - React-jsi
    - React-jsiexecutor
    - React-perflogger
    - React-runtimeexecutor
    - React-utils
    - SocketRocket (= 0.6.1)
    - Yoga
  - React-Core/RCTTextHeaders (0.72.7):
    - glog
    - hermes-engine
    - RCT-Folly (= 2021.07.22.00)
    - React-Core/Default
    - React-cxxreact
    - React-hermes
    - React-jsi
    - React-jsiexecutor
    - React-perflogger
    - React-runtimeexecutor
    - React-utils
    - SocketRocket (= 0.6.1)
    - Yoga
  - React-Core/RCTVibrationHeaders (0.72.7):
    - glog
    - hermes-engine
    - RCT-Folly (= 2021.07.22.00)
    - React-Core/Default
    - React-cxxreact
    - React-hermes
    - React-jsi
    - React-jsiexecutor
    - React-perflogger
    - React-runtimeexecutor
    - React-utils
    - SocketRocket (= 0.6.1)
    - Yoga
  - React-Core/RCTWebSocket (0.72.7):
    - glog
    - hermes-engine
    - RCT-Folly (= 2021.07.22.00)
    - React-Core/Default (= 0.72.7)
    - React-cxxreact
    - React-hermes
    - React-jsi
    - React-jsiexecutor
    - React-perflogger
    - React-runtimeexecutor
    - React-utils
    - SocketRocket (= 0.6.1)
    - Yoga
  - React-CoreModules (0.72.7):
    - RCT-Folly (= 2021.07.22.00)
    - RCTTypeSafety (= 0.72.7)
    - React-Codegen (= 0.72.7)
    - React-Core/CoreModulesHeaders (= 0.72.7)
    - React-jsi (= 0.72.7)
    - React-RCTBlob
    - React-RCTImage (= 0.72.7)
    - ReactCommon/turbomodule/core (= 0.72.7)
    - SocketRocket (= 0.6.1)
  - React-cxxreact (0.72.7):
    - boost (= 1.76.0)
    - DoubleConversion
    - glog
    - hermes-engine
    - RCT-Folly (= 2021.07.22.00)
    - React-callinvoker (= 0.72.7)
    - React-debug (= 0.72.7)
    - React-jsi (= 0.72.7)
    - React-jsinspector (= 0.72.7)
    - React-logger (= 0.72.7)
    - React-perflogger (= 0.72.7)
    - React-runtimeexecutor (= 0.72.7)
  - React-debug (0.72.7)
  - React-hermes (0.72.7):
    - DoubleConversion
    - glog
    - hermes-engine
    - RCT-Folly (= 2021.07.22.00)
    - RCT-Folly/Futures (= 2021.07.22.00)
    - React-cxxreact (= 0.72.7)
    - React-jsi
    - React-jsiexecutor (= 0.72.7)
    - React-jsinspector (= 0.72.7)
    - React-perflogger (= 0.72.7)
  - React-jsi (0.72.7):
    - boost (= 1.76.0)
    - DoubleConversion
    - glog
    - hermes-engine
    - RCT-Folly (= 2021.07.22.00)
  - React-jsiexecutor (0.72.7):
    - DoubleConversion
    - glog
    - hermes-engine
    - RCT-Folly (= 2021.07.22.00)
    - React-cxxreact (= 0.72.7)
    - React-jsi (= 0.72.7)
    - React-perflogger (= 0.72.7)
  - React-jsinspector (0.72.7)
  - React-logger (0.72.7):
    - glog
  - react-native-aes (2.1.2):
    - React-Core
  - react-native-animateable-text (0.11.0):
    - React-Core
  - react-native-ble-manager (8.8.0):
    - React-Core
  - react-native-ble-plx (3.1.2):
    - MultiplatformBleAdapter (= 0.2.0)
    - RCT-Folly (= 2021.07.22.00)
    - React-Core
  - react-native-blur (4.3.2):
    - React-Core
  - react-native-cloud-storage (1.4.1):
    - RCT-Folly (= 2021.07.22.00)
    - React-Core
  - react-native-compat (2.17.2):
    - RCT-Folly (= 2021.07.22.00)
    - React-Core
  - react-native-get-random-values (1.10.0):
    - React-Core
  - react-native-ios-context-menu (1.15.3):
    - React-Core
  - react-native-mmkv (2.12.2):
    - MMKV (= 1.3.5)
    - RCT-Folly (= 2021.07.22.00)
    - React-Core
  - react-native-netinfo (11.2.1):
    - React-Core
  - react-native-pager-view (6.2.3):
    - RCT-Folly (= 2021.07.22.00)
    - React-Core
  - react-native-quick-crypto (0.7.10):
    - OpenSSL-Universal
    - RCT-Folly (= 2021.07.22.00)
    - React
    - React-Core
  - react-native-randombytes (3.6.1):
    - React-Core
  - react-native-safe-area-context (4.8.2):
    - React-Core
  - react-native-splash-screen (3.3.0):
    - React-Core
  - react-native-sqlite-storage (7.0.0-alpha.1):
    - React-Core
  - react-native-version-check (3.4.7):
    - React-Core
  - react-native-video (5.2.1):
    - React-Core
    - react-native-video/Video (= 5.2.1)
  - react-native-video/Video (5.2.1):
    - React-Core
  - react-native-webview (13.10.5):
    - RCT-Folly (= 2021.07.22.00)
    - React-Core
  - React-NativeModulesApple (0.72.7):
    - hermes-engine
    - React-callinvoker
    - React-Core
    - React-cxxreact
    - React-jsi
    - React-runtimeexecutor
    - ReactCommon/turbomodule/bridging
    - ReactCommon/turbomodule/core
  - React-perflogger (0.72.7)
  - React-RCTActionSheet (0.72.7):
    - React-Core/RCTActionSheetHeaders (= 0.72.7)
  - React-RCTAnimation (0.72.7):
    - RCT-Folly (= 2021.07.22.00)
    - RCTTypeSafety (= 0.72.7)
    - React-Codegen (= 0.72.7)
    - React-Core/RCTAnimationHeaders (= 0.72.7)
    - React-jsi (= 0.72.7)
    - ReactCommon/turbomodule/core (= 0.72.7)
  - React-RCTAppDelegate (0.72.7):
    - RCT-Folly
    - RCTRequired
    - RCTTypeSafety
    - React-Core
    - React-CoreModules
    - React-hermes
    - React-NativeModulesApple
    - React-RCTImage
    - React-RCTNetwork
    - React-runtimescheduler
    - ReactCommon/turbomodule/core
  - React-RCTBlob (0.72.7):
    - hermes-engine
    - RCT-Folly (= 2021.07.22.00)
    - React-Codegen (= 0.72.7)
    - React-Core/RCTBlobHeaders (= 0.72.7)
    - React-Core/RCTWebSocket (= 0.72.7)
    - React-jsi (= 0.72.7)
    - React-RCTNetwork (= 0.72.7)
    - ReactCommon/turbomodule/core (= 0.72.7)
  - React-RCTImage (0.72.7):
    - RCT-Folly (= 2021.07.22.00)
    - RCTTypeSafety (= 0.72.7)
    - React-Codegen (= 0.72.7)
    - React-Core/RCTImageHeaders (= 0.72.7)
    - React-jsi (= 0.72.7)
    - React-RCTNetwork (= 0.72.7)
    - ReactCommon/turbomodule/core (= 0.72.7)
  - React-RCTLinking (0.72.7):
    - React-Codegen (= 0.72.7)
    - React-Core/RCTLinkingHeaders (= 0.72.7)
    - React-jsi (= 0.72.7)
    - ReactCommon/turbomodule/core (= 0.72.7)
  - React-RCTNetwork (0.72.7):
    - RCT-Folly (= 2021.07.22.00)
    - RCTTypeSafety (= 0.72.7)
    - React-Codegen (= 0.72.7)
    - React-Core/RCTNetworkHeaders (= 0.72.7)
    - React-jsi (= 0.72.7)
    - ReactCommon/turbomodule/core (= 0.72.7)
  - React-RCTSettings (0.72.7):
    - RCT-Folly (= 2021.07.22.00)
    - RCTTypeSafety (= 0.72.7)
    - React-Codegen (= 0.72.7)
    - React-Core/RCTSettingsHeaders (= 0.72.7)
    - React-jsi (= 0.72.7)
    - ReactCommon/turbomodule/core (= 0.72.7)
  - React-RCTText (0.72.7):
    - React-Core/RCTTextHeaders (= 0.72.7)
  - React-RCTVibration (0.72.7):
    - RCT-Folly (= 2021.07.22.00)
    - React-Codegen (= 0.72.7)
    - React-Core/RCTVibrationHeaders (= 0.72.7)
    - React-jsi (= 0.72.7)
    - ReactCommon/turbomodule/core (= 0.72.7)
  - React-rncore (0.72.7)
  - React-runtimeexecutor (0.72.7):
    - React-jsi (= 0.72.7)
  - React-runtimescheduler (0.72.7):
    - glog
    - hermes-engine
    - RCT-Folly (= 2021.07.22.00)
    - React-callinvoker
    - React-debug
    - React-jsi
    - React-runtimeexecutor
  - React-utils (0.72.7):
    - glog
    - RCT-Folly (= 2021.07.22.00)
    - React-debug
  - ReactCommon/turbomodule/bridging (0.72.7):
    - DoubleConversion
    - glog
    - hermes-engine
    - RCT-Folly (= 2021.07.22.00)
    - React-callinvoker (= 0.72.7)
    - React-cxxreact (= 0.72.7)
    - React-jsi (= 0.72.7)
    - React-logger (= 0.72.7)
    - React-perflogger (= 0.72.7)
  - ReactCommon/turbomodule/core (0.72.7):
    - DoubleConversion
    - glog
    - hermes-engine
    - RCT-Folly (= 2021.07.22.00)
    - React-callinvoker (= 0.72.7)
    - React-cxxreact (= 0.72.7)
    - React-jsi (= 0.72.7)
    - React-logger (= 0.72.7)
    - React-perflogger (= 0.72.7)
  - ReactNativeExceptionHandler (2.10.10):
    - React-Core
  - RNCClipboard (1.13.2):
    - React-Core
  - RNCMaskedView (0.3.1):
    - React-Core
  - RNDeviceInfo (10.12.0):
    - React-Core
  - RNFastImage (8.6.3):
    - React-Core
    - SDWebImage (~> 5.11.1)
    - SDWebImageWebPCoder (~> 0.8.4)
  - RNFBAnalytics (18.8.0):
    - Firebase/Analytics (= 10.20.0)
    - React-Core
    - RNFBApp
  - RNFBApp (18.8.0):
    - Firebase/CoreOnly (= 10.20.0)
    - React-Core
  - RNFS (2.20.0):
    - React-Core
  - RNGestureHandler (2.14.0):
    - RCT-Folly (= 2021.07.22.00)
    - React-Core
  - RNGoogleSignin (12.1.0):
    - GoogleSignIn (~> 7.1)
    - React-Core
  - RNIap (12.16.2):
    - React-Core
  - RNInAppBrowser (3.7.0):
    - React-Core
  - RNKeychain (8.0.0):
    - React-Core
  - RNLocalize (3.3.0):
    - React-Core
  - RNNotifee (7.8.2):
    - React-Core
    - RNNotifee/NotifeeCore (= 7.8.2)
  - RNNotifee/NotifeeCore (7.8.2):
    - React-Core
  - RNPermissions (4.1.2):
    - React-Core
  - RNReactNativeHapticFeedback (2.3.3):
    - RCT-Folly (= 2021.07.22.00)
    - React-Core
  - RNReanimated (3.6.1):
    - RCT-Folly (= 2021.07.22.00)
    - React-Core
    - ReactCommon/turbomodule/core
  - RNScreens (3.29.0):
    - RCT-Folly (= 2021.07.22.00)
    - React-Core
  - RNSentry (5.31.0):
    - hermes-engine
    - RCT-Folly (= 2021.07.22.00)
    - React-Core
    - React-hermes
    - Sentry/HybridSDK (= 8.36.0)
  - RNSVG (14.1.0):
    - React-Core
  - RNVectorIcons (10.0.3):
    - RCT-Folly (= 2021.07.22.00)
    - React-Core
  - SDWebImage (5.11.1):
    - SDWebImage/Core (= 5.11.1)
  - SDWebImage/Core (5.11.1)
  - SDWebImageWebPCoder (0.8.5):
    - libwebp (~> 1.0)
    - SDWebImage/Core (~> 5.10)
  - Sentry/HybridSDK (8.36.0)
  - SocketRocket (0.6.1)
  - VisionCamera (3.9.2):
    - React
    - React-callinvoker
    - React-Core
  - Yoga (1.14.0)

DEPENDENCIES:
  - boost (from `../node_modules/react-native/third-party-podspecs/boost.podspec`)
  - BVLinearGradient (from `../node_modules/react-native-linear-gradient`)
  - DoubleConversion (from `../node_modules/react-native/third-party-podspecs/DoubleConversion.podspec`)
  - FBLazyVector (from `../node_modules/react-native/Libraries/FBLazyVector`)
  - FBReactNativeSpec (from `../node_modules/react-native/React/FBReactNativeSpec`)
  - glog (from `../node_modules/react-native/third-party-podspecs/glog.podspec`)
  - hermes-engine (from `../node_modules/react-native/sdks/hermes-engine/hermes-engine.podspec`)
  - libevent (~> 2.1.12)
  - lottie-react-native (from `../node_modules/lottie-react-native`)
  - RCT-Folly (from `../node_modules/react-native/third-party-podspecs/RCT-Folly.podspec`)
  - RCTRequired (from `../node_modules/react-native/Libraries/RCTRequired`)
  - RCTTypeSafety (from `../node_modules/react-native/Libraries/TypeSafety`)
  - React (from `../node_modules/react-native/`)
  - React-callinvoker (from `../node_modules/react-native/ReactCommon/callinvoker`)
  - React-Codegen (from `build/generated/ios`)
  - React-Core (from `../node_modules/react-native/`)
  - React-Core/RCTWebSocket (from `../node_modules/react-native/`)
  - React-CoreModules (from `../node_modules/react-native/React/CoreModules`)
  - React-cxxreact (from `../node_modules/react-native/ReactCommon/cxxreact`)
  - React-debug (from `../node_modules/react-native/ReactCommon/react/debug`)
  - React-hermes (from `../node_modules/react-native/ReactCommon/hermes`)
  - React-jsi (from `../node_modules/react-native/ReactCommon/jsi`)
  - React-jsiexecutor (from `../node_modules/react-native/ReactCommon/jsiexecutor`)
  - React-jsinspector (from `../node_modules/react-native/ReactCommon/jsinspector`)
  - React-logger (from `../node_modules/react-native/ReactCommon/logger`)
  - react-native-aes (from `../node_modules/react-native-aes-crypto`)
  - react-native-animateable-text (from `../node_modules/react-native-animateable-text`)
  - react-native-ble-manager (from `../node_modules/react-native-ble-manager`)
  - react-native-ble-plx (from `../node_modules/react-native-ble-plx`)
  - "react-native-blur (from `../node_modules/@react-native-community/blur`)"
  - react-native-cloud-storage (from `../node_modules/react-native-cloud-storage`)
  - "react-native-compat (from `../node_modules/@walletconnect/react-native-compat`)"
  - react-native-get-random-values (from `../node_modules/react-native-get-random-values`)
  - react-native-ios-context-menu (from `../node_modules/react-native-ios-context-menu`)
  - react-native-mmkv (from `../node_modules/react-native-mmkv`)
  - "react-native-netinfo (from `../node_modules/@react-native-community/netinfo`)"
  - react-native-pager-view (from `../node_modules/react-native-pager-view`)
  - react-native-quick-crypto (from `../node_modules/react-native-quick-crypto`)
  - react-native-randombytes (from `../node_modules/react-native-randombytes`)
  - react-native-safe-area-context (from `../node_modules/react-native-safe-area-context`)
  - react-native-splash-screen (from `../node_modules/react-native-splash-screen`)
  - "react-native-sqlite-storage (from `../node_modules/@rabby-wallet/react-native-sqlite-storage`)"
  - react-native-version-check (from `../node_modules/react-native-version-check`)
  - react-native-video (from `../node_modules/react-native-video`)
  - react-native-webview (from `../node_modules/react-native-webview`)
  - React-NativeModulesApple (from `../node_modules/react-native/ReactCommon/react/nativemodule/core/platform/ios`)
  - React-perflogger (from `../node_modules/react-native/ReactCommon/reactperflogger`)
  - React-RCTActionSheet (from `../node_modules/react-native/Libraries/ActionSheetIOS`)
  - React-RCTAnimation (from `../node_modules/react-native/Libraries/NativeAnimation`)
  - React-RCTAppDelegate (from `../node_modules/react-native/Libraries/AppDelegate`)
  - React-RCTBlob (from `../node_modules/react-native/Libraries/Blob`)
  - React-RCTImage (from `../node_modules/react-native/Libraries/Image`)
  - React-RCTLinking (from `../node_modules/react-native/Libraries/LinkingIOS`)
  - React-RCTNetwork (from `../node_modules/react-native/Libraries/Network`)
  - React-RCTSettings (from `../node_modules/react-native/Libraries/Settings`)
  - React-RCTText (from `../node_modules/react-native/Libraries/Text`)
  - React-RCTVibration (from `../node_modules/react-native/Libraries/Vibration`)
  - React-rncore (from `../node_modules/react-native/ReactCommon`)
  - React-runtimeexecutor (from `../node_modules/react-native/ReactCommon/runtimeexecutor`)
  - React-runtimescheduler (from `../node_modules/react-native/ReactCommon/react/renderer/runtimescheduler`)
  - React-utils (from `../node_modules/react-native/ReactCommon/react/utils`)
  - ReactCommon/turbomodule/core (from `../node_modules/react-native/ReactCommon`)
  - ReactNativeExceptionHandler (from `../node_modules/react-native-exception-handler`)
  - "RNCClipboard (from `../node_modules/@react-native-clipboard/clipboard`)"
  - "RNCMaskedView (from `../node_modules/@react-native-masked-view/masked-view`)"
  - RNDeviceInfo (from `../node_modules/react-native-device-info`)
  - RNFastImage (from `../node_modules/react-native-fast-image`)
  - "RNFBAnalytics (from `../node_modules/@react-native-firebase/analytics`)"
  - "RNFBApp (from `../node_modules/@react-native-firebase/app`)"
  - RNFS (from `../node_modules/react-native-fs`)
  - RNGestureHandler (from `../node_modules/react-native-gesture-handler`)
  - "RNGoogleSignin (from `../node_modules/@react-native-google-signin/google-signin`)"
  - RNIap (from `../node_modules/react-native-iap`)
  - RNInAppBrowser (from `../node_modules/react-native-inappbrowser-reborn`)
  - RNKeychain (from `../node_modules/react-native-keychain`)
  - RNLocalize (from `../node_modules/react-native-localize`)
  - "RNNotifee (from `../node_modules/@notifee/react-native`)"
  - RNPermissions (from `../node_modules/react-native-permissions`)
  - RNReactNativeHapticFeedback (from `../node_modules/react-native-haptic-feedback`)
  - RNReanimated (from `../node_modules/react-native-reanimated`)
  - RNScreens (from `../node_modules/react-native-screens`)
  - "RNSentry (from `../node_modules/@sentry/react-native`)"
  - RNSVG (from `../node_modules/react-native-svg`)
  - RNVectorIcons (from `../node_modules/react-native-vector-icons`)
  - VisionCamera (from `../node_modules/react-native-vision-camera`)
  - Yoga (from `../node_modules/react-native/ReactCommon/yoga`)

SPEC REPOS:
  trunk:
    - AppAuth
    - Firebase
    - FirebaseAnalytics
    - FirebaseCore
    - FirebaseCoreInternal
    - FirebaseInstallations
    - fmt
    - GoogleAppMeasurement
    - GoogleSignIn
    - GoogleUtilities
    - GTMAppAuth
    - GTMSessionFetcher
    - libevent
    - libwebp
    - lottie-ios
    - MMKV
    - MMKVCore
    - MultiplatformBleAdapter
    - nanopb
    - OpenSSL-Universal
    - PromisesObjC
    - SDWebImage
    - SDWebImageWebPCoder
    - Sentry
    - SocketRocket

EXTERNAL SOURCES:
  boost:
    :podspec: "../node_modules/react-native/third-party-podspecs/boost.podspec"
  BVLinearGradient:
    :path: "../node_modules/react-native-linear-gradient"
  DoubleConversion:
    :podspec: "../node_modules/react-native/third-party-podspecs/DoubleConversion.podspec"
  FBLazyVector:
    :path: "../node_modules/react-native/Libraries/FBLazyVector"
  FBReactNativeSpec:
    :path: "../node_modules/react-native/React/FBReactNativeSpec"
  glog:
    :podspec: "../node_modules/react-native/third-party-podspecs/glog.podspec"
  hermes-engine:
    :podspec: "../node_modules/react-native/sdks/hermes-engine/hermes-engine.podspec"
    :tag: hermes-2023-08-07-RNv0.72.4-813b2def12bc9df02654b3e3653ae4a68d0572e0
  lottie-react-native:
    :path: "../node_modules/lottie-react-native"
  RCT-Folly:
    :podspec: "../node_modules/react-native/third-party-podspecs/RCT-Folly.podspec"
  RCTRequired:
    :path: "../node_modules/react-native/Libraries/RCTRequired"
  RCTTypeSafety:
    :path: "../node_modules/react-native/Libraries/TypeSafety"
  React:
    :path: "../node_modules/react-native/"
  React-callinvoker:
    :path: "../node_modules/react-native/ReactCommon/callinvoker"
  React-Codegen:
    :path: build/generated/ios
  React-Core:
    :path: "../node_modules/react-native/"
  React-CoreModules:
    :path: "../node_modules/react-native/React/CoreModules"
  React-cxxreact:
    :path: "../node_modules/react-native/ReactCommon/cxxreact"
  React-debug:
    :path: "../node_modules/react-native/ReactCommon/react/debug"
  React-hermes:
    :path: "../node_modules/react-native/ReactCommon/hermes"
  React-jsi:
    :path: "../node_modules/react-native/ReactCommon/jsi"
  React-jsiexecutor:
    :path: "../node_modules/react-native/ReactCommon/jsiexecutor"
  React-jsinspector:
    :path: "../node_modules/react-native/ReactCommon/jsinspector"
  React-logger:
    :path: "../node_modules/react-native/ReactCommon/logger"
  react-native-aes:
    :path: "../node_modules/react-native-aes-crypto"
  react-native-animateable-text:
    :path: "../node_modules/react-native-animateable-text"
  react-native-ble-manager:
    :path: "../node_modules/react-native-ble-manager"
  react-native-ble-plx:
    :path: "../node_modules/react-native-ble-plx"
  react-native-blur:
    :path: "../node_modules/@react-native-community/blur"
  react-native-cloud-storage:
    :path: "../node_modules/react-native-cloud-storage"
  react-native-compat:
    :path: "../node_modules/@walletconnect/react-native-compat"
  react-native-get-random-values:
    :path: "../node_modules/react-native-get-random-values"
  react-native-ios-context-menu:
    :path: "../node_modules/react-native-ios-context-menu"
  react-native-mmkv:
    :path: "../node_modules/react-native-mmkv"
  react-native-netinfo:
    :path: "../node_modules/@react-native-community/netinfo"
  react-native-pager-view:
    :path: "../node_modules/react-native-pager-view"
  react-native-quick-crypto:
    :path: "../node_modules/react-native-quick-crypto"
  react-native-randombytes:
    :path: "../node_modules/react-native-randombytes"
  react-native-safe-area-context:
    :path: "../node_modules/react-native-safe-area-context"
  react-native-splash-screen:
    :path: "../node_modules/react-native-splash-screen"
  react-native-sqlite-storage:
    :path: "../node_modules/@rabby-wallet/react-native-sqlite-storage"
  react-native-version-check:
    :path: "../node_modules/react-native-version-check"
  react-native-video:
    :path: "../node_modules/react-native-video"
  react-native-webview:
    :path: "../node_modules/react-native-webview"
  React-NativeModulesApple:
    :path: "../node_modules/react-native/ReactCommon/react/nativemodule/core/platform/ios"
  React-perflogger:
    :path: "../node_modules/react-native/ReactCommon/reactperflogger"
  React-RCTActionSheet:
    :path: "../node_modules/react-native/Libraries/ActionSheetIOS"
  React-RCTAnimation:
    :path: "../node_modules/react-native/Libraries/NativeAnimation"
  React-RCTAppDelegate:
    :path: "../node_modules/react-native/Libraries/AppDelegate"
  React-RCTBlob:
    :path: "../node_modules/react-native/Libraries/Blob"
  React-RCTImage:
    :path: "../node_modules/react-native/Libraries/Image"
  React-RCTLinking:
    :path: "../node_modules/react-native/Libraries/LinkingIOS"
  React-RCTNetwork:
    :path: "../node_modules/react-native/Libraries/Network"
  React-RCTSettings:
    :path: "../node_modules/react-native/Libraries/Settings"
  React-RCTText:
    :path: "../node_modules/react-native/Libraries/Text"
  React-RCTVibration:
    :path: "../node_modules/react-native/Libraries/Vibration"
  React-rncore:
    :path: "../node_modules/react-native/ReactCommon"
  React-runtimeexecutor:
    :path: "../node_modules/react-native/ReactCommon/runtimeexecutor"
  React-runtimescheduler:
    :path: "../node_modules/react-native/ReactCommon/react/renderer/runtimescheduler"
  React-utils:
    :path: "../node_modules/react-native/ReactCommon/react/utils"
  ReactCommon:
    :path: "../node_modules/react-native/ReactCommon"
  ReactNativeExceptionHandler:
    :path: "../node_modules/react-native-exception-handler"
  RNCClipboard:
    :path: "../node_modules/@react-native-clipboard/clipboard"
  RNCMaskedView:
    :path: "../node_modules/@react-native-masked-view/masked-view"
  RNDeviceInfo:
    :path: "../node_modules/react-native-device-info"
  RNFastImage:
    :path: "../node_modules/react-native-fast-image"
  RNFBAnalytics:
    :path: "../node_modules/@react-native-firebase/analytics"
  RNFBApp:
    :path: "../node_modules/@react-native-firebase/app"
  RNFS:
    :path: "../node_modules/react-native-fs"
  RNGestureHandler:
    :path: "../node_modules/react-native-gesture-handler"
  RNGoogleSignin:
    :path: "../node_modules/@react-native-google-signin/google-signin"
  RNIap:
    :path: "../node_modules/react-native-iap"
  RNInAppBrowser:
    :path: "../node_modules/react-native-inappbrowser-reborn"
  RNKeychain:
    :path: "../node_modules/react-native-keychain"
  RNLocalize:
    :path: "../node_modules/react-native-localize"
  RNNotifee:
    :path: "../node_modules/@notifee/react-native"
  RNPermissions:
    :path: "../node_modules/react-native-permissions"
  RNReactNativeHapticFeedback:
    :path: "../node_modules/react-native-haptic-feedback"
  RNReanimated:
    :path: "../node_modules/react-native-reanimated"
  RNScreens:
    :path: "../node_modules/react-native-screens"
  RNSentry:
    :path: "../node_modules/@sentry/react-native"
  RNSVG:
    :path: "../node_modules/react-native-svg"
  RNVectorIcons:
    :path: "../node_modules/react-native-vector-icons"
  VisionCamera:
    :path: "../node_modules/react-native-vision-camera"
  Yoga:
    :path: "../node_modules/react-native/ReactCommon/yoga"

SPEC CHECKSUMS:
  AppAuth: 501c04eda8a8d11f179dbe8637b7a91bb7e5d2fa
  boost: 9af0c7125f20c5c5cb032eadbf66744693241dd8
  BVLinearGradient: cb006ba232a1f3e4f341bb62c42d1098c284da70
  DoubleConversion: 5189b271737e1565bdce30deb4a08d647e3f5f54
  FBLazyVector: 5fbbff1d7734827299274638deb8ba3024f6c597
  FBReactNativeSpec: 638095fe8a01506634d77b260ef8a322019ac671
  Firebase: 10c8cb12fb7ad2ae0c09ffc86cd9c1ab392a0031
  FirebaseAnalytics: a2731bf3670747ce8f65368b118d18aa8e368246
  FirebaseCore: 28045c1560a2600d284b9c45a904fe322dc890b6
  FirebaseCoreInternal: df84dd300b561c27d5571684f389bf60b0a5c934
  FirebaseInstallations: 913cf60d0400ebd5d6b63a28b290372ab44590dd
  fmt: ff9d55029c625d3757ed641535fd4a75fedc7ce9
  glog: 04b94705f318337d7ead9e6d17c019bd9b1f6b1b
  GoogleAppMeasurement: bb3c564c3efb933136af0e94899e0a46167466a8
  GoogleSignIn: d4281ab6cf21542b1cfaff85c191f230b399d2db
  GoogleUtilities: ea963c370a38a8069cc5f7ba4ca849a60b6d7d15
  GTMAppAuth: f69bd07d68cd3b766125f7e072c45d7340dea0de
  GTMSessionFetcher: 5aea5ba6bd522a239e236100971f10cb71b96ab6
  hermes-engine: 9180d43df05c1ed658a87cc733dc3044cf90c00a
  libevent: 4049cae6c81cdb3654a443be001fb9bdceff7913
  libwebp: 02b23773aedb6ff1fd38cec7a77b81414c6842a8
  lottie-ios: a881093fab623c467d3bce374367755c272bdd59
  lottie-react-native: 04640f3bb67de1455d93c9b072cb7638ff27a4a3
  MMKV: 506311d0494023c2f7e0b62cc1f31b7370fa3cfb
  MMKVCore: af055b00e27d88cd92fad301c5fecd1ff9b26dd9
  MultiplatformBleAdapter: b1fddd0d499b96b607e00f0faa8e60648343dc1d
  nanopb: d4d75c12cd1316f4a64e3c6963f879ecd4b5e0d5
  OpenSSL-Universal: b60a3702c9fea8b3145549d421fdb018e53ab7b4
  PromisesObjC: f5707f49cb48b9636751c5b2e7d227e43fba9f47
  RCT-Folly: 8dc08ca5a393b48b1c523ab6220dfdcc0fe000ad
  RCTRequired: 83bca1c184feb4d2e51c72c8369b83d641443f95
  RCTTypeSafety: 13c4a87a16d7db6cd66006ce9759f073402ef85b
  React: e67aa9f99957c7611c392b5e49355d877d6525e2
  React-callinvoker: 2790c09d964c2e5404b5410cde91b152e3746b7b
  React-Codegen: ad3ab79b1f196e3280970fae4d477058c920a792
  React-Core: d55e597ca1508bfd7b92569ff55d54894762fd1f
  React-CoreModules: fb43dcafdcbf5d55a42c2decf8624797170781f2
  React-cxxreact: 03d370d58a083a1c8b5a69b9095c1ac9f57b2f94
  React-debug: c4e6bc83ec3d97cd26fcd57eabea3f21e6232fac
  React-hermes: 0a9e25fbf4dbcd8ca89de9a89a0cce2fce45989f
  React-jsi: 0c473d4292f9a10469b3755767bf28d0b35fbeb6
  React-jsiexecutor: 00fdf7bd0e99ab878109ce1b51cb6212d76683e4
  React-jsinspector: 8baadae51f01d867c3921213a25ab78ab4fbcd91
  React-logger: 61efd44da84482aabbbbb478a49b893c7c912f99
  react-native-aes: 48ac33d1b3905716c02c64856aace7cf98cbc8be
  react-native-animateable-text: cde27c975ce9c5db928734fbac14a6865b20950b
  react-native-ble-manager: 9b2df5891d2ad0bb6e3e684096f32dda3c89f504
  react-native-ble-plx: 3b0209c26d43aab6a540b5eaad1571c6baa82578
  react-native-blur: c91c10c67be1f096415e63925640baa59e2132d2
  react-native-cloud-storage: fc1ea6b45b83cf8b787483fb059fc8f67823f287
  react-native-compat: dc55800d284833782a478b9494e44860ed76ad21
  react-native-get-random-values: ce0b8796c99e2b85e3202bd500b1ef286a17a02e
  react-native-ios-context-menu: 986da6dcba70094bcc2a8049f68410fe7d25aff1
  react-native-mmkv: 0b344130851031b46ad9e7f76b5e580644c94386
  react-native-netinfo: f084f2324cb11b986503a39a3ccbb5d15e2a56d3
  react-native-pager-view: fc7b57d30e9bc63b5edd105274fb02efbb61d29c
  react-native-quick-crypto: a7814e7a89e08ec4b00688ff6c55a22ca48565fb
  react-native-randombytes: 3c8f3e89d12487fd03a2f966c288d495415fc116
  react-native-safe-area-context: bf9d9d58f0f6726d4a6257088044c2595017579d
  react-native-splash-screen: 95994222cc95c236bd3cdc59fe45ed5f27969594
  react-native-sqlite-storage: 85d3b0e61d49a692afaea024421f6275f07838df
  react-native-version-check: c7b4269cd18781b51009fa4b5a8ad9ab5131ce6f
  react-native-video: 2aad0d963bf3952bd9ebb2f53fab799338e8e202
  react-native-webview: fe2b851808822e0762271e1c7e9e91617b5067f1
  React-NativeModulesApple: 5e1e25443da71511649606d8706cbd57de49c4ef
  React-perflogger: 31ea61077185eb1428baf60c0db6e2886f141a5a
  React-RCTActionSheet: 392090a3abc8992eb269ef0eaa561750588fc39d
  React-RCTAnimation: dc4cf3f4c9d1ba37edb82f1fb0b00760ddbbeb26
  React-RCTAppDelegate: 5337e63eea7b8ea451d445b285ed7f85735a5096
  React-RCTBlob: bc37b335906cdff4a942caf1ee64f2d7afefbd33
  React-RCTImage: 6ad7a367f40ac7e9af4e15b60e4c3e6dbda87817
  React-RCTLinking: 82db248ade50d92184a9feca46528139f1590a63
  React-RCTNetwork: 93db4b433026b3137e6063f0a66336662d473e55
  React-RCTSettings: e6b44c8b24bc07936e68b8f20d923f69a32488ba
  React-RCTText: 3c71ecaad8ee010b79632ea2590f86c02f5cce17
  React-RCTVibration: a756370068de4becdf432dbd42b76f42fbc1dc66
  React-rncore: 1e60bef88b49498868dfeb63144b00cae17597ef
  React-runtimeexecutor: 47b0a2d5bbb416db65ef881a6f7bdcfefa0001ab
  React-runtimescheduler: c637b3607f1f3c2ca3bbe312a86b860f5e60fe1c
  React-utils: a851f8cc24fe51d791bc99df1acd7dfb1f7e2189
  ReactCommon: 5c6c2d0a9fe7dcd78cc2148c8fe580d84715bf95
  ReactNativeExceptionHandler: a23922ca00122b050ae9412f960061791c232c47
  RNCClipboard: 4abb037e8fe3b98a952564c9e0474f91c492df6d
  RNCMaskedView: de80352547bd4f0d607bf6bab363d826822bd126
  RNDeviceInfo: addb9b427c2822a2d8e94c87a136a224e0af738c
  RNFastImage: 462a183c4b0b6b26fdfd639e1ed6ba37536c3b87
  RNFBAnalytics: a776df9d67ad2ffc851f62923c21d50209f2c936
  RNFBApp: 2ebbe2962f03dc34ce930a44df93ff8e1fad4c0f
  RNFS: 89de7d7f4c0f6bafa05343c578f61118c8282ed8
  RNGestureHandler: c3527cddb0bfc99479af7459dc20ffdef31ef6d0
  RNGoogleSignin: a1f85d6c0cb58d68f27dc99e8bd61b5465aed89b
  RNInAppBrowser: 6d3eb68d471b9834335c664704719b8be1bfdb20
  RNKeychain: 3194f1c9d8599f39e570b4b5ecbcdd8cd610e771
  RNLocalize: d024afa9204c13885e61dc88b8190651bcaabac9
  RNNotifee: 8768d065bf1e2f9f8f347b4bd79147431c7eacd6
  RNPermissions: b79f76523687bc1319cf221ade716c4ec67544d9
  RNReactNativeHapticFeedback: 0533743934ae78cee9356537196d18bdeca145ee
  RNReanimated: d83efe340a314047b8308b3b8003dcdb1133a1be
  RNScreens: 7afd9548198f400c57a2b70f49e6389520e23ea9
  RNSentry: 458acc4480cd1ffdc283e08ec46bf731e1fa3b71
  RNSVG: 6d5ed33b6635ed6d6ecb50744dcf127580c39ed5
  RNVectorIcons: a563edb52090930e00329920edb6a1270e0b493e
  SDWebImage: a7f831e1a65eb5e285e3fb046a23fcfbf08e696d
  SDWebImageWebPCoder: 908b83b6adda48effe7667cd2b7f78c897e5111d
  Sentry: f8374b5415bc38dfb5645941b3ae31230fbeae57
  SocketRocket: f32cd54efbe0f095c4d7594881e52619cfe80b17
  VisionCamera: 6a90992822a293947af96e77618933405a417871
  Yoga: 4c3aa327e4a6a23eeacd71f61c81df1bcdf677d5

PODFILE CHECKSUM: f225561c5413fb00651856ecf3fce6385c2532b1

COCOAPODS: 1.16.2
